# THIS IS AN AUTOGENERATED FILE. DO NOT EDIT THIS FILE DIRECTLY.
# yarn lockfile v1


"@dalongrong/types-demo-types@^1.0.2":
  version "1.0.2"
  resolved "https://registry.npmjs.org/@dalongrong/types-demo-types/-/types-demo-types-1.0.2.tgz#1ffd178d6a753ccdd7cbbdb5ffd3f364bfd23a52"
  integrity sha512-DFEuUqVj77BQ78EVs/cQNG1XX5O+PZbPXrcbPBoyyEcvIa8Cy0vLmleFcccp9tfIcmY/KkSqG9CmynumsvSnQw==

"@dalongrong/types-demo@^1.0.0":
  version "1.0.0"
  resolved "https://registry.npmjs.org/@dalongrong/types-demo/-/types-demo-1.0.0.tgz#11ce0b0d2a751197df33a497805643f54ffad0ec"
  integrity sha512-Mtw0HDM9iUHUGZJMU1BYz3bZRiRuQNJKwHzQt1sDK1t2ZQbI9mstGif3mruSkTx+3IXBeBpyqq2V7OhYpuFOeQ==
